
Microsoft Visual Studio Solution File, Format Version 12.00
# Visual Studio 14
VisualStudioVersion = 14.0.23107.0
MinimumVisualStudioVersion = 10.0.40219.1
Project("{888888A0-9F3D-457C-B088-3A5042F75D52}") = "MyPythonApplication", "MyPythonApplication\MyPythonApplication.pyproj", "{0DC85D09-64AD-493C-B907-2F6DDD451C4F}"
EndProject
Project("{FAE04EC0-301F-11D3-BF4B-00C04F79EFBC}") = "MyCSharpApplication", "MyCSharpApplication\MyCSharpApplication.csproj", "{434E49D5-6C56-4BC7-BB96-5CB876CB2F9E}"
EndProject
Global
	GlobalSection(SolutionConfigurationPlatforms) = preSolution
		Debug|Any CPU = Debug|Any CPU
		Release|Any CPU = Release|Any CPU
	EndGlobalSection
	GlobalSection(ProjectConfigurationPlatforms) = postSolution
		{0DC85D09-64AD-493C-B907-2F6DDD451C4F}.Debug|Any CPU.ActiveCfg = Debug|Any CPU
		{0DC85D09-64AD-493C-B907-2F6DDD451C4F}.Release|Any CPU.ActiveCfg = Release|Any CPU
		{434E49D5-6C56-4BC7-BB96-5CB876CB2F9E}.Debug|Any CPU.ActiveCfg = Debug|Any CPU
		{434E49D5-6C56-4BC7-BB96-5CB876CB2F9E}.Debug|Any CPU.Build.0 = Debug|Any CPU
		{434E49D5-6C56-4BC7-BB96-5CB876CB2F9E}.Release|Any CPU.ActiveCfg = Release|Any CPU
		{434E49D5-6C56-4BC7-BB96-5CB876CB2F9E}.Release|Any CPU.Build.0 = Release|Any CPU
	EndGlobalSection
	GlobalSection(SolutionProperties) = preSolution
		HideSolutionNode = FALSE
	EndGlobalSection
EndGlobal
